
Microsoft Visual Studio Solution File, Format Version 12.00
# Visual Studio 2012
Project("{FAE04EC0-301F-11D3-BF4B-00C04F79EFBC}") = "MZSYCORE.Web", "MZSYCORE.Web\MZSYCORE.Web.csproj", "{8E3F35FF-7E2E-430B-8D17-CCBFAE9AB3AF}"
EndProject
Project("{FAE04EC0-301F-11D3-BF4B-00C04F79EFBC}") = "MZSYCORE.DAL", "MZSYCORE.DAL\MZSYCORE.DAL.csproj", "{FC8735A9-016C-49F1-B97B-ECEE31C38693}"
EndProject
Project("{FAE04EC0-301F-11D3-BF4B-00C04F79EFBC}") = "DBUtility", "DBUtility\DBUtility.csproj", "{739505B1-7A41-4E3A-B89B-3192A93EA2E2}"
EndProject
Project("{FAE04EC0-301F-11D3-BF4B-00C04F79EFBC}") = "MZSYCORE.Model", "MZSYCORE.Model\MZSYCORE.Model.csproj", "{A76440BC-B3AC-467B-A0B3-526BD16BB415}"
EndProject
Project("{FAE04EC0-301F-11D3-BF4B-00C04F79EFBC}") = "MZSYCORE.BLL", "MZSYCORE.BLL\MZSYCORE.BLL.csproj", "{697F593D-F14E-47A4-8226-4ACF31B5F1CC}"
EndProject
Project("{FAE04EC0-301F-11D3-BF4B-00C04F79EFBC}") = "Tools", "Tools\Tools.csproj", "{B254D53A-E1F6-4E63-85B1-38A605C02CCA}"
EndProject
Project("{FAE04EC0-301F-11D3-BF4B-00C04F79EFBC}") = "MZSYCORE.AutoMessage", "MZSYCORE.AutoBirthdayMessage\MZSYCORE.AutoMessage.csproj", "{185BA981-81E4-4F01-9EC6-DCAC452E0BD1}"
EndProject
Project("{FAE04EC0-301F-11D3-BF4B-00C04F79EFBC}") = "MZSYCORE.TBJGCKZHTJ", "MZSYCORE.TBJGCKZHTJ\MZSYCORE.TBJGCKZHTJ.csproj", "{130A1015-7191-4020-8E75-31BB956958A1}"
EndProject
Global
	GlobalSection(SourceCodeControl) = preSolution
		SccNumberOfProjects = 9
		SccLocalPath0 = .
		SccProjectUniqueName1 = DBUtility\\DBUtility.csproj
		SccLocalPath1 = .
		SccProjectFilePathRelativizedFromConnection1 = DBUtility\\
		SccProjectUniqueName2 = MZSYCORE.AutoBirthdayMessage\\MZSYCORE.AutoMessage.csproj
		SccLocalPath2 = .
		SccProjectFilePathRelativizedFromConnection2 = MZSYCORE.AutoBirthdayMessage\\
		SccProjectUniqueName3 = MZSYCORE.BLL\\MZSYCORE.BLL.csproj
		SccLocalPath3 = .
		SccProjectFilePathRelativizedFromConnection3 = MZSYCORE.BLL\\
		SccProjectUniqueName4 = MZSYCORE.DAL\\MZSYCORE.DAL.csproj
		SccLocalPath4 = .
		SccProjectFilePathRelativizedFromConnection4 = MZSYCORE.DAL\\
		SccProjectUniqueName5 = MZSYCORE.Model\\MZSYCORE.Model.csproj
		SccLocalPath5 = .
		SccProjectFilePathRelativizedFromConnection5 = MZSYCORE.Model\\
		SccProjectUniqueName6 = MZSYCORE.TBJGCKZHTJ\\MZSYCORE.TBJGCKZHTJ.csproj
		SccLocalPath6 = .
		SccProjectFilePathRelativizedFromConnection6 = MZSYCORE.TBJGCKZHTJ\\
		SccProjectUniqueName7 = MZSYCORE.Web\\MZSYCORE.Web.csproj
		SccLocalPath7 = .
		SccProjectFilePathRelativizedFromConnection7 = MZSYCORE.Web\\
		SccProjectUniqueName8 = Tools\\Tools.csproj
		SccLocalPath8 = .
		SccProjectFilePathRelativizedFromConnection8 = Tools\\
	EndGlobalSection
	GlobalSection(SolutionConfigurationPlatforms) = preSolution
		Debug|Any CPU = Debug|Any CPU
		Debug|x86 = Debug|x86
		Release|Any CPU = Release|Any CPU
		Release|x86 = Release|x86
	EndGlobalSection
	GlobalSection(ProjectConfigurationPlatforms) = postSolution
		{8E3F35FF-7E2E-430B-8D17-CCBFAE9AB3AF}.Debug|Any CPU.ActiveCfg = Debug|Any CPU
		{8E3F35FF-7E2E-430B-8D17-CCBFAE9AB3AF}.Debug|Any CPU.Build.0 = Debug|Any CPU
		{8E3F35FF-7E2E-430B-8D17-CCBFAE9AB3AF}.Debug|x86.ActiveCfg = Debug|x86
		{8E3F35FF-7E2E-430B-8D17-CCBFAE9AB3AF}.Debug|x86.Build.0 = Debug|x86
		{8E3F35FF-7E2E-430B-8D17-CCBFAE9AB3AF}.Release|Any CPU.ActiveCfg = Release|Any CPU
		{8E3F35FF-7E2E-430B-8D17-CCBFAE9AB3AF}.Release|Any CPU.Build.0 = Release|Any CPU
		{8E3F35FF-7E2E-430B-8D17-CCBFAE9AB3AF}.Release|x86.ActiveCfg = Release|x86
		{8E3F35FF-7E2E-430B-8D17-CCBFAE9AB3AF}.Release|x86.Build.0 = Release|x86
		{FC8735A9-016C-49F1-B97B-ECEE31C38693}.Debug|Any CPU.ActiveCfg = Debug|Any CPU
		{FC8735A9-016C-49F1-B97B-ECEE31C38693}.Debug|Any CPU.Build.0 = Debug|Any CPU
		{FC8735A9-016C-49F1-B97B-ECEE31C38693}.Debug|x86.ActiveCfg = Debug|x86
		{FC8735A9-016C-49F1-B97B-ECEE31C38693}.Debug|x86.Build.0 = Debug|x86
		{FC8735A9-016C-49F1-B97B-ECEE31C38693}.Release|Any CPU.ActiveCfg = Release|Any CPU
		{FC8735A9-016C-49F1-B97B-ECEE31C38693}.Release|Any CPU.Build.0 = Release|Any CPU
		{FC8735A9-016C-49F1-B97B-ECEE31C38693}.Release|x86.ActiveCfg = Release|x86
		{FC8735A9-016C-49F1-B97B-ECEE31C38693}.Release|x86.Build.0 = Release|x86
		{739505B1-7A41-4E3A-B89B-3192A93EA2E2}.Debug|Any CPU.ActiveCfg = Debug|Any CPU
		{739505B1-7A41-4E3A-B89B-3192A93EA2E2}.Debug|Any CPU.Build.0 = Debug|Any CPU
		{739505B1-7A41-4E3A-B89B-3192A93EA2E2}.Debug|x86.ActiveCfg = Debug|x86
		{739505B1-7A41-4E3A-B89B-3192A93EA2E2}.Debug|x86.Build.0 = Debug|x86
		{739505B1-7A41-4E3A-B89B-3192A93EA2E2}.Release|Any CPU.ActiveCfg = Release|Any CPU
		{739505B1-7A41-4E3A-B89B-3192A93EA2E2}.Release|Any CPU.Build.0 = Release|Any CPU
		{739505B1-7A41-4E3A-B89B-3192A93EA2E2}.Release|x86.ActiveCfg = Release|x86
		{739505B1-7A41-4E3A-B89B-3192A93EA2E2}.Release|x86.Build.0 = Release|x86
		{A76440BC-B3AC-467B-A0B3-526BD16BB415}.Debug|Any CPU.ActiveCfg = Debug|Any CPU
		{A76440BC-B3AC-467B-A0B3-526BD16BB415}.Debug|Any CPU.Build.0 = Debug|Any CPU
		{A76440BC-B3AC-467B-A0B3-526BD16BB415}.Debug|x86.ActiveCfg = Debug|x86
		{A76440BC-B3AC-467B-A0B3-526BD16BB415}.Debug|x86.Build.0 = Debug|x86
		{A76440BC-B3AC-467B-A0B3-526BD16BB415}.Release|Any CPU.ActiveCfg = Release|Any CPU
		{A76440BC-B3AC-467B-A0B3-526BD16BB415}.Release|Any CPU.Build.0 = Release|Any CPU
		{A76440BC-B3AC-467B-A0B3-526BD16BB415}.Release|x86.ActiveCfg = Release|x86
		{A76440BC-B3AC-467B-A0B3-526BD16BB415}.Release|x86.Build.0 = Release|x86
		{697F593D-F14E-47A4-8226-4ACF31B5F1CC}.Debug|Any CPU.ActiveCfg = Debug|Any CPU
		{697F593D-F14E-47A4-8226-4ACF31B5F1CC}.Debug|Any CPU.Build.0 = Debug|Any CPU
		{697F593D-F14E-47A4-8226-4ACF31B5F1CC}.Debug|x86.ActiveCfg = Debug|x86
		{697F593D-F14E-47A4-8226-4ACF31B5F1CC}.Debug|x86.Build.0 = Debug|x86
		{697F593D-F14E-47A4-8226-4ACF31B5F1CC}.Release|Any CPU.ActiveCfg = Release|Any CPU
		{697F593D-F14E-47A4-8226-4ACF31B5F1CC}.Release|Any CPU.Build.0 = Release|Any CPU
		{697F593D-F14E-47A4-8226-4ACF31B5F1CC}.Release|x86.ActiveCfg = Release|x86
		{697F593D-F14E-47A4-8226-4ACF31B5F1CC}.Release|x86.Build.0 = Release|x86
		{B254D53A-E1F6-4E63-85B1-38A605C02CCA}.Debug|Any CPU.ActiveCfg = Debug|Any CPU
		{B254D53A-E1F6-4E63-85B1-38A605C02CCA}.Debug|Any CPU.Build.0 = Debug|Any CPU
		{B254D53A-E1F6-4E63-85B1-38A605C02CCA}.Debug|x86.ActiveCfg = Debug|x86
		{B254D53A-E1F6-4E63-85B1-38A605C02CCA}.Debug|x86.Build.0 = Debug|x86
		{B254D53A-E1F6-4E63-85B1-38A605C02CCA}.Release|Any CPU.ActiveCfg = Release|Any CPU
		{B254D53A-E1F6-4E63-85B1-38A605C02CCA}.Release|Any CPU.Build.0 = Release|Any CPU
		{B254D53A-E1F6-4E63-85B1-38A605C02CCA}.Release|x86.ActiveCfg = Release|x86
		{B254D53A-E1F6-4E63-85B1-38A605C02CCA}.Release|x86.Build.0 = Release|x86
		{185BA981-81E4-4F01-9EC6-DCAC452E0BD1}.Debug|Any CPU.ActiveCfg = Debug|Any CPU
		{185BA981-81E4-4F01-9EC6-DCAC452E0BD1}.Debug|Any CPU.Build.0 = Debug|Any CPU
		{185BA981-81E4-4F01-9EC6-DCAC452E0BD1}.Debug|x86.ActiveCfg = Debug|Any CPU
		{185BA981-81E4-4F01-9EC6-DCAC452E0BD1}.Release|Any CPU.ActiveCfg = Release|Any CPU
		{185BA981-81E4-4F01-9EC6-DCAC452E0BD1}.Release|Any CPU.Build.0 = Release|Any CPU
		{185BA981-81E4-4F01-9EC6-DCAC452E0BD1}.Release|x86.ActiveCfg = Release|Any CPU
		{185BA981-81E4-4F01-9EC6-DCAC452E0BD1}.Release|x86.Build.0 = Release|Any CPU
		{130A1015-7191-4020-8E75-31BB956958A1}.Debug|Any CPU.ActiveCfg = Debug|Any CPU
		{130A1015-7191-4020-8E75-31BB956958A1}.Debug|Any CPU.Build.0 = Debug|Any CPU
		{130A1015-7191-4020-8E75-31BB956958A1}.Debug|x86.ActiveCfg = Debug|Any CPU
		{130A1015-7191-4020-8E75-31BB956958A1}.Release|Any CPU.ActiveCfg = Release|Any CPU
		{130A1015-7191-4020-8E75-31BB956958A1}.Release|Any CPU.Build.0 = Release|Any CPU
		{130A1015-7191-4020-8E75-31BB956958A1}.Release|x86.ActiveCfg = Release|Any CPU
	EndGlobalSection
	GlobalSection(SolutionProperties) = preSolution
		HideSolutionNode = FALSE
	EndGlobalSection
EndGlobal
